hash: d53482d43269b44b7bf7951bac3f10cb0716ab939c7344f7b06a5fb64e59c780
updated: 2019-10-30T00:03:50.690476175+01:00
imports:
- name: github.com/efigence/go-libs
  version: 5b2936a0c2a1acec53f31426a548eff605b92aa9
  subpackages:
  - ewma
- name: github.com/efigence/go-mon
  version: 81889c49974f13d263a17980bf10ef72389c1bb4
- name: github.com/op/go-logging
  version: 970db520ece77730c7e4724c61121037378659d9
- name: github.com/VividCortex/ewma
  version: 5c04cd146b30136f1fde792effc2453a0b1c311e
- name: github.com/XANi/go-yamlcfg
  version: 57ba6124f8373c3dbc213c2387fc99ae615c28b1
- name: github.com/XANi/golibs
  version: 439a8243526ae2b3d675b1c3e11ae33716a13c3c
  subpackages:
  - ewma
- name: gopkg.in/yaml.v1
  version: 9f9df34309c04878acc86042b16630b0f696e1de
- name: gopkg.in/yaml.v3
  version: 0b21df46bc1d83409da069ba73978e31b1f1c323
testImports:
- name: github.com/gopherjs/gopherjs
  version: 444abdf920945de5d4a977b572bcc6c674d1e4eb
  subpackages:
  - js
- name: github.com/jtolds/gls
  version: 77f18212c9c7edc9bd6a33d383a7b545ce62f064
- name: github.com/smartystreets/assertions
  version: 0b37b35ec7434b77e77a4bb29b79677cced992ea
  subpackages:
  - internal/go-render/render
  - internal/oglematchers
- name: github.com/smartystreets/goconvey
  version: 9e8dc3f972df6c8fcc0375ef492c24d0bb204857
  subpackages:
  - convey
  - convey/gotest
  - convey/reporting
